{
  "pins" : [
    {
      "identity" : "csqlite",
      "kind" : "remoteSourceControl",
      "location" : "https://github.com/simolus3/CSQLite.git",
      "state" : {
        "revision" : "ae972b235e8b3c5af6d8f4e5bf18c800bdddb27e"
      }
    },
    {
      "identity" : "maplibre-gl-native-distribution",
      "kind" : "remoteSourceControl",
      "location" : "https://github.com/maplibre/maplibre-gl-native-distribution.git",
      "state" : {
        "revision" : "1051e9dfa3546bece1a6eaf33a5ac85ac35d6bda",
        "version" : "6.19.1"
      }
    }
  ],
  "version" : 2
}
